// !$*UTF8*$!
{
	archiveVersion = 1;
	classes = {
	};
	objectVersion = 46;
	objects = {

/* Begin PBXBuildFile section */
		C39008781D904EEF001612E3 /* AppDelegate.swift in Sources */ = {isa = PBXBuildFile; fileRef = C39008771D904EEF001612E3 /* AppDelegate.swift */; };
		C390087A1D904EEF001612E3 /* ViewController.swift in Sources */ = {isa = PBXBuildFile; fileRef = C39008791D904EEF001612E3 /* ViewController.swift */; };
		C390087D1D904EEF001612E3 /* Main.storyboard in Resources */ = {isa = PBXBuildFile; fileRef = C390087B1D904EEF001612E3 /* Main.storyboard */; };
		C390087F1D904EEF001612E3 /* Assets.xcassets in Resources */ = {isa = PBXBuildFile; fileRef = C390087E1D904EEF001612E3 /* Assets.xcassets */; };
		C39008821D904EEF001612E3 /* LaunchScreen.storyboard in Resources */ = {isa = PBXBuildFile; fileRef = C39008801D904EEF001612E3 /* LaunchScreen.storyboard */; };
/* End PBXBuildFile section */

/* Begin PBXFileReference section */
		C39008741D904EEF001612E3 /* calcDemo.app */ = {isa = PBXFileReference; explicitFileType = wrapper.application; includeInIndex = 0; path = calcDemo.app; sourceTree = BUILT_PRODUCTS_DIR; };
		C39008771D904EEF001612E3 /* AppDelegate.swift */ = {isa = PBXFileReference; lastKnownFileType = sourcecode.swift; path = AppDelegate.swift; sourceTree = "<group>"; };
		C39008791D904EEF001612E3 /* ViewController.swift */ = {isa = PBXFileReference; lastKnownFileType = sourcecode.swift; path = ViewController.swift; sourceTree = "<group>"; };
		C390087C1D904EEF001612E3 /* Base */ = {isa = PBXFileReference; lastKnownFileType = file.storyboard; name = Base; path = Base.lproj/Main.storyboard; sourceTree = "<group>"; };
		C390087E1D904EEF001612E3 /* Assets.xcassets */ = {isa = PBXFileReference; lastKnownFileType = folder.assetcatalog; path = Assets.xcassets; sourceTree = "<group>"; };
		C39008811D904EEF001612E3 /* Base */ = {isa = PBXFileReference; lastKnownFileType = file.storyboard; name = Base; path = Base.lproj/LaunchScreen.storyboard; sourceTree = "<group>"; };
		C39008831D904EEF001612E3 /* Info.plist */ = {isa = PBXFileReference; lastKnownFileType = text.plist.xml; path = Info.plist; sourceTree = "<group>"; };
/* End PBXFileReference section */

/* Begin PBXFrameworksBuildPhase section */
		C39008711D904EEF001612E3 /* Frameworks */ = {
			isa = PBXFrameworksBuildPhase;
			buildActionMask = 2147483647;
			files = (
			);
			runOnlyForDeploymentPostprocessing = 0;
		};
/* End PBXFrameworksBuildPhase section */

/* Begin PBXGroup section */
		C390086B1D904EEF001612E3 = {
			isa = PBXGroup;
			children = (
				C39008761D904EEF001612E3 /* calcDemo */,
				C39008751D904EEF001612E3 /* Products */,
			);
			sourceTree = "<group>";
		};
		C39008751D904EEF001612E3 /* Products */ = {
			isa = PBXGroup;
			children = (
				C39008741D904EEF001612E3 /* calcDemo.app */,
			);
			name = Products;
			sourceTree = "<group>";
		};
		C39008761D904EEF001612E3 /* calcDemo */ = {
			isa = PBXGroup;
			children = (
				C39008771D904EEF001612E3 /* AppDelegate.swift */,
				C39008791D904EEF001612E3 /* ViewController.swift */,
				C390087B1D904EEF001612E3 /* Main.storyboard */,
				C390087E1D904EEF001612E3 /* Assets.xcassets */,
				C39008801D904EEF001612E3 /* LaunchScreen.storyboard */,
				C39008831D904EEF001612E3 /* Info.plist */,
			);
			path = calcDemo;
			sourceTree = "<group>";
		};
/* End PBXGroup section */

/* Begin PBXNativeTarget section */
		C39008731D904EEF001612E3 /* calcDemo */ = {
			isa = PBXNativeTarget;
			buildConfigurationList = C39008861D904EEF001612E3 /* Build configuration list for PBXNativeTarget "calcDemo" */;
			buildPhases = (
				C39008701D904EEF001612E3 /* Sources */,
				C39008711D904EEF001612E3 /* Frameworks */,
				C39008721D904EEF001612E3 /* Resources */,
			);
			buildRules = (
			);
			dependencies = (
			);
			name = calcDemo;
			productName = calcDemo;
			productReference = C39008741D904EEF001612E3 /* calcDemo.app */;
			productType = "com.apple.product-type.application";
		};
/* End PBXNativeTarget section */

/* Begin PBXProject section */
		C390086C1D904EEF001612E3 /* Project object */ = {
			isa = PBXProject;
			attributes = {
				LastSwiftUpdateCheck = 0800;
				LastUpgradeCheck = 0800;
				TargetAttributes = {
					C39008731D904EEF001612E3 = {
						CreatedOnToolsVersion = 8.0;
						DevelopmentTeam = 474X26N2TW;
						ProvisioningStyle = Automatic;
					};
				};
			};
			buildConfigurationList = C390086F1D904EEF001612E3 /* Build configuration list for PBXProject "calcDemo" */;
			compatibilityVersion = "Xcode 3.2";
			developmentRegion = English;
			hasScannedForEncodings = 0;
			knownRegions = (
				en,
				Base,
			);
			mainGroup = C390086B1D904EEF001612E3;
			productRefGroup = C39008751D904EEF001612E3 /* Products */;
			projectDirPath = "";
			projectRoot = "";
			targets = (
				C39008731D904EEF001612E3 /* calcDemo */,
			);
		};
/* End PBXProject section */

/* Begin PBXResourcesBuildPhase section */
		C39008721D904EEF001612E3 /* Resources */ = {
			isa = PBXResourcesBuildPhase;
			buildActionMask = 2147483647;
			files = (
				C39008821D904EEF001612E3 /* LaunchScreen.storyboard in Resources */,
				C390087F1D904EEF001612E3 /* Assets.xcassets in Resources */,
				C390087D1D904EEF001612E3 /* Main.storyboard in Resources */,
			);
			runOnlyForDeploymentPostprocessing = 0;
		};
/* End PBXResourcesBuildPhase section */

/* Begin PBXSourcesBuildPhase section */
		C39008701D904EEF001612E3 /* Sources */ = {
			isa = PBXSourcesBuildPhase;
			buildActionMask = 2147483647;
			files = (
				C390087A1D904EEF001612E3 /* ViewController.swift in Sources */,
				C39008781D904EEF001612E3 /* AppDelegate.swift in Sources */,
			);
			runOnlyForDeploymentPostprocessing = 0;
		};
/* End PBXSourcesBuildPhase section */

/* Begin PBXVariantGroup section */
		C390087B1D904EEF001612E3 /* Main.storyboard */ = {
			isa = PBXVariantGroup;
			children = (
				C390087C1D904EEF001612E3 /* Base */,
			);
			name = Main.storyboard;
			sourceTree = "<group>";
		};
		C39008801D904EEF001612E3 /* LaunchScreen.storyboard */ = {
			isa = PBXVariantGroup;
			children = (
				C39008811D904EEF001612E3 /* Base */,
			);
			name = LaunchScreen.storyboard;
			sourceTree = "<group>";
		};
/* End PBXVariantGroup section */

/* Begin XCBuildConfiguration section */
		C39008841D904EEF001612E3 /* Debug */ = {
			isa = XCBuildConfiguration;
			buildSettings = {
				ALWAYS_SEARCH_USER_PATHS = NO;
				CLANG_ANALYZER_NONNULL = YES;
				CLANG_CXX_LANGUAGE_STANDARD = "gnu++0x";
				CLANG_CXX_LIBRARY = "libc++";
				CLANG_ENABLE_MODULES = YES;
				CLANG_ENABLE_OBJC_ARC = YES;
				CLANG_WARN_BOOL_CONVERSION = YES;
				CLANG_WARN_CONSTANT_CONVERSION = YES;
				CLANG_WARN_DIRECT_OBJC_ISA_USAGE = YES_ERROR;
				CLANG_WARN_DOCUMENTATION_COMMENTS = YES;
				CLANG_WARN_EMPTY_BODY = YES;
				CLANG_WARN_ENUM_CONVERSION = YES;
				CLANG_WARN_INFINITE_RECURSION = YES;
				CLANG_WARN_INT_CONVERSION = YES;
				CLANG_WARN_OBJC_ROOT_CLASS = YES_ERROR;
				CLANG_WARN_SUSPICIOUS_MOVES = YES;
				CLANG_WARN_UNREACHABLE_CODE = YES;
				CLANG_WARN__DUPLICATE_METHOD_MATCH = YES;
				"CODE_SIGN_IDENTITY[sdk=iphoneos*]" = "iPhone Developer";
				COPY_PHASE_STRIP = NO;
				DEBUG_INFORMATION_FORMAT = dwarf;
				ENABLE_STRICT_OBJC_MSGSEND = YES;
				ENABLE_TESTABILITY = YES;
				GCC_C_LANGUAGE_STANDARD = gnu99;
				GCC_DYNAMIC_NO_PIC = NO;
				GCC_NO_COMMON_BLOCKS = YES;
				GCC_OPTIMIZATION_LEVEL = 0;
				GCC_PREPROCESSOR_DEFINITIONS = (
					"DEBUG=1",
					"$(inherited)",
				);
				GCC_WARN_64_TO_32_BIT_CONVERSION = YES;
				GCC_WARN_ABOUT_RETURN_TYPE = YES_ERROR;
				GCC_WARN_UNDECLARED_SELECTOR = YES;
				GCC_WARN_UNINITIALIZED_AUTOS = YES_AGGRESSIVE;
				GCC_WARN_UNUSED_FUNCTION = YES;
				GCC_WARN_UNUSED_VARIABLE = YES;
				IPHONEOS_DEPLOYMENT_TARGET = 10.0;
				MTL_ENABLE_DEBUG_INFO = YES;
				ONLY_ACTIVE_ARCH = YES;
				SDKROOT = iphoneos;
				SWIFT_ACTIVE_COMPILATION_CONDITIONS = DEBUG;
				SWIFT_OPTIMIZATION_LEVEL = "-Onone";
				TARGETED_DEVICE_FAMILY = "1,2";
			};
			name = Debug;
		};
		C39008851D904EEF001612E3 /* Release */ = {
			isa = XCBuildConfiguration;
			buildSettings = {
				ALWAYS_SEARCH_USER_PATHS = NO;
				CLANG_ANALYZER_NONNULL = YES;
				CLANG_CXX_LANGUAGE_STANDARD = "gnu++0x";
				CLANG_CXX_LIBRARY = "libc++";
				CLANG_ENABLE_MODULES = YES;
				CLANG_ENABLE_OBJC_ARC = YES;
				CLANG_WARN_BOOL_CONVERSION = YES;
				CLANG_WARN_CONSTANT_CONVERSION = YES;
				CLANG_WARN_DIRECT_OBJC_ISA_USAGE = YES_ERROR;
				CLANG_WARN_DOCUMENTATION_COMMENTS = YES;
				CLANG_WARN_EMPTY_BODY = YES;
				CLANG_WARN_ENUM_CONVERSION = YES;
				CLANG_WARN_INFINITE_RECURSION = YES;
				CLANG_WARN_INT_CONVERSION = YES;
				CLANG_WARN_OBJC_ROOT_CLASS = YES_ERROR;
				CLANG_WARN_SUSPICIOUS_MOVES = YES;
				CLANG_WARN_UNREACHABLE_CODE = YES;
				CLANG_WARN__DUPLICATE_METHOD_MATCH = YES;
				"CODE_SIGN_IDENTITY[sdk=iphoneos*]" = "iPhone Developer";
				COPY_PHASE_STRIP = NO;
				DEBUG_INFORMATION_FORMAT = "dwarf-with-dsym";
				ENABLE_NS_ASSERTIONS = NO;
				ENABLE_STRICT_OBJC_MSGSEND = YES;
				GCC_C_LANGUAGE_STANDARD = gnu99;
				GCC_NO_COMMON_BLOCKS = YES;
				GCC_WARN_64_TO_32_BIT_CONVERSION = YES;
				GCC_WARN_ABOUT_RETURN_TYPE = YES_ERROR;
				GCC_WARN_UNDECLARED_SELECTOR = YES;
				GCC_WARN_UNINITIALIZED_AUTOS = YES_AGGRESSIVE;
				GCC_WARN_UNUSED_FUNCTION = YES;
				GCC_WARN_UNUSED_VARIABLE = YES;
				IPHONEOS_DEPLOYMENT_TARGET = 10.0;
				MTL_ENABLE_DEBUG_INFO = NO;
				SDKROOT = iphoneos;
				SWIFT_OPTIMIZATION_LEVEL = "-Owholemodule";
				TARGETED_DEVICE_FAMILY = "1,2";
				VALIDATE_PRODUCT = YES;
			};
			name = Release;
		};
		C39008871D904EEF001612E3 /* Debug */ = {
			isa = XCBuildConfiguration;
			buildSettings = {
				ASSETCATALOG_COMPILER_APPICON_NAME = AppIcon;
				DEVELOPMENT_TEAM = 474X26N2TW;
				INFOPLIST_FILE = calcDemo/Info.plist;
				LD_RUNPATH_SEARCH_PATHS = "$(inherited) @executable_path/Frameworks";
				PRODUCT_BUNDLE_IDENTIFIER = com.MGalperinApps.calcDemo;
				PRODUCT_NAME = "$(TARGET_NAME)";
				SWIFT_VERSION = 3.0;
			};
			name = Debug;
		};
		C39008881D904EEF001612E3 /* Release */ = {
			isa = XCBuildConfiguration;
			buildSettings = {
				ASSETCATALOG_COMPILER_APPICON_NAME = AppIcon;
				DEVELOPMENT_TEAM = 474X26N2TW;
				INFOPLIST_FILE = calcDemo/Info.plist;
				LD_RUNPATH_SEARCH_PATHS = "$(inherited) @executable_path/Frameworks";
				PRODUCT_BUNDLE_IDENTIFIER = com.MGalperinApps.calcDemo;
				PRODUCT_NAME = "$(TARGET_NAME)";
				SWIFT_VERSION = 3.0;
			};
			name = Release;
		};
/* End XCBuildConfiguration section */

/* Begin XCConfigurationList section */
		C390086F1D904EEF001612E3 /* Build configuration list for PBXProject "calcDemo" */ = {
			isa = XCConfigurationList;
			buildConfigurations = (
				C39008841D904EEF001612E3 /* Debug */,
				C39008851D904EEF001612E3 /* Release */,
			);
			defaultConfigurationIsVisible = 0;
			defaultConfigurationName = Release;
		};
		C39008861D904EEF001612E3 /* Build configuration list for PBXNativeTarget "calcDemo" */ = {
			isa = XCConfigurationList;
			buildConfigurations = (
				C39008871D904EEF001612E3 /* Debug */,
				C39008881D904EEF001612E3 /* Release */,
			);
			defaultConfigurationIsVisible = 0;
		};
/* End XCConfigurationList section */
	};
	rootObject = C390086C1D904EEF001612E3 /* Project object */;
}
