// !$*UTF8*$!
{
	archiveVersion = 1;
	classes = {
	};
	objectVersion = 46;
	objects = {

/* Begin PBXBuildFile section */
		C30C85F31D9D912400B22FBD /* CalcBrain.swift in Sources */ = {isa = PBXBuildFile; fileRef = C30C85F21D9D912400B22FBD /* CalcBrain.swift */; };
		C374FE1C1D9595E9008F497D /* AppDelegate.swift in Sources */ = {isa = PBXBuildFile; fileRef = C374FE1B1D9595E9008F497D /* AppDelegate.swift */; };
		C374FE1E1D9595E9008F497D /* CalculatorViewController.swift in Sources */ = {isa = PBXBuildFile; fileRef = C374FE1D1D9595E9008F497D /* CalculatorViewController.swift */; };
		C374FE211D9595E9008F497D /* Main.storyboard in Resources */ = {isa = PBXBuildFile; fileRef = C374FE1F1D9595E9008F497D /* Main.storyboard */; };
		C374FE231D9595E9008F497D /* Assets.xcassets in Resources */ = {isa = PBXBuildFile; fileRef = C374FE221D9595E9008F497D /* Assets.xcassets */; };
		C374FE261D9595E9008F497D /* LaunchScreen.storyboard in Resources */ = {isa = PBXBuildFile; fileRef = C374FE241D9595E9008F497D /* LaunchScreen.storyboard */; };
		C374FE311D968521008F497D /* Library.swift in Sources */ = {isa = PBXBuildFile; fileRef = C374FE301D968521008F497D /* Library.swift */; };
/* End PBXBuildFile section */

/* Begin PBXFileReference section */
		C30C85F21D9D912400B22FBD /* CalcBrain.swift */ = {isa = PBXFileReference; fileEncoding = 4; lastKnownFileType = sourcecode.swift; path = CalcBrain.swift; sourceTree = "<group>"; };
		C374FE181D9595E9008F497D /* CalcDemo.app */ = {isa = PBXFileReference; explicitFileType = wrapper.application; includeInIndex = 0; path = CalcDemo.app; sourceTree = BUILT_PRODUCTS_DIR; };
		C374FE1B1D9595E9008F497D /* AppDelegate.swift */ = {isa = PBXFileReference; lastKnownFileType = sourcecode.swift; path = AppDelegate.swift; sourceTree = "<group>"; };
		C374FE1D1D9595E9008F497D /* CalculatorViewController.swift */ = {isa = PBXFileReference; lastKnownFileType = sourcecode.swift; path = CalculatorViewController.swift; sourceTree = "<group>"; };
		C374FE201D9595E9008F497D /* Base */ = {isa = PBXFileReference; lastKnownFileType = file.storyboard; name = Base; path = Base.lproj/Main.storyboard; sourceTree = "<group>"; };
		C374FE221D9595E9008F497D /* Assets.xcassets */ = {isa = PBXFileReference; lastKnownFileType = folder.assetcatalog; path = Assets.xcassets; sourceTree = "<group>"; };
		C374FE251D9595E9008F497D /* Base */ = {isa = PBXFileReference; lastKnownFileType = file.storyboard; name = Base; path = Base.lproj/LaunchScreen.storyboard; sourceTree = "<group>"; };
		C374FE271D9595E9008F497D /* Info.plist */ = {isa = PBXFileReference; lastKnownFileType = text.plist.xml; path = Info.plist; sourceTree = "<group>"; };
		C374FE301D968521008F497D /* Library.swift */ = {isa = PBXFileReference; fileEncoding = 4; lastKnownFileType = sourcecode.swift; path = Library.swift; sourceTree = "<group>"; };
/* End PBXFileReference section */

/* Begin PBXFrameworksBuildPhase section */
		C374FE151D9595E9008F497D /* Frameworks */ = {
			isa = PBXFrameworksBuildPhase;
			buildActionMask = 2147483647;
			files = (
			);
			runOnlyForDeploymentPostprocessing = 0;
		};
/* End PBXFrameworksBuildPhase section */

/* Begin PBXGroup section */
		C30C85F11D9D910F00B22FBD /* Model */ = {
			isa = PBXGroup;
			children = (
				C30C85F21D9D912400B22FBD /* CalcBrain.swift */,
			);
			name = Model;
			sourceTree = "<group>";
		};
		C374FE0F1D9595E9008F497D = {
			isa = PBXGroup;
			children = (
				C374FE1A1D9595E9008F497D /* CalcDemo */,
				C374FE191D9595E9008F497D /* Products */,
			);
			sourceTree = "<group>";
		};
		C374FE191D9595E9008F497D /* Products */ = {
			isa = PBXGroup;
			children = (
				C374FE181D9595E9008F497D /* CalcDemo.app */,
			);
			name = Products;
			sourceTree = "<group>";
		};
		C374FE1A1D9595E9008F497D /* CalcDemo */ = {
			isa = PBXGroup;
			children = (
				C374FE1B1D9595E9008F497D /* AppDelegate.swift */,
				C374FE2F1D968509008F497D /* Helpers */,
				C30C85F11D9D910F00B22FBD /* Model */,
				C374FE2E1D968504008F497D /* Controller */,
				C374FE1F1D9595E9008F497D /* Main.storyboard */,
				C374FE2D1D9684FD008F497D /* Supporting files */,
			);
			path = CalcDemo;
			sourceTree = "<group>";
		};
		C374FE2D1D9684FD008F497D /* Supporting files */ = {
			isa = PBXGroup;
			children = (
				C374FE221D9595E9008F497D /* Assets.xcassets */,
				C374FE241D9595E9008F497D /* LaunchScreen.storyboard */,
				C374FE271D9595E9008F497D /* Info.plist */,
			);
			name = "Supporting files";
			sourceTree = "<group>";
		};
		C374FE2E1D968504008F497D /* Controller */ = {
			isa = PBXGroup;
			children = (
				C374FE1D1D9595E9008F497D /* CalculatorViewController.swift */,
			);
			name = Controller;
			sourceTree = "<group>";
		};
		C374FE2F1D968509008F497D /* Helpers */ = {
			isa = PBXGroup;
			children = (
				C374FE301D968521008F497D /* Library.swift */,
			);
			name = Helpers;
			sourceTree = "<group>";
		};
/* End PBXGroup section */

/* Begin PBXNativeTarget section */
		C374FE171D9595E9008F497D /* CalcDemo */ = {
			isa = PBXNativeTarget;
			buildConfigurationList = C374FE2A1D9595E9008F497D /* Build configuration list for PBXNativeTarget "CalcDemo" */;
			buildPhases = (
				C374FE141D9595E9008F497D /* Sources */,
				C374FE151D9595E9008F497D /* Frameworks */,
				C374FE161D9595E9008F497D /* Resources */,
			);
			buildRules = (
			);
			dependencies = (
			);
			name = CalcDemo;
			productName = CalcDemo;
			productReference = C374FE181D9595E9008F497D /* CalcDemo.app */;
			productType = "com.apple.product-type.application";
		};
/* End PBXNativeTarget section */

/* Begin PBXProject section */
		C374FE101D9595E9008F497D /* Project object */ = {
			isa = PBXProject;
			attributes = {
				LastSwiftUpdateCheck = 0800;
				LastUpgradeCheck = 0800;
				TargetAttributes = {
					C374FE171D9595E9008F497D = {
						CreatedOnToolsVersion = 8.0;
						DevelopmentTeam = 474X26N2TW;
						ProvisioningStyle = Automatic;
					};
				};
			};
			buildConfigurationList = C374FE131D9595E9008F497D /* Build configuration list for PBXProject "CalcDemo" */;
			compatibilityVersion = "Xcode 3.2";
			developmentRegion = English;
			hasScannedForEncodings = 0;
			knownRegions = (
				en,
				Base,
			);
			mainGroup = C374FE0F1D9595E9008F497D;
			productRefGroup = C374FE191D9595E9008F497D /* Products */;
			projectDirPath = "";
			projectRoot = "";
			targets = (
				C374FE171D9595E9008F497D /* CalcDemo */,
			);
		};
/* End PBXProject section */

/* Begin PBXResourcesBuildPhase section */
		C374FE161D9595E9008F497D /* Resources */ = {
			isa = PBXResourcesBuildPhase;
			buildActionMask = 2147483647;
			files = (
				C374FE261D9595E9008F497D /* LaunchScreen.storyboard in Resources */,
				C374FE231D9595E9008F497D /* Assets.xcassets in Resources */,
				C374FE211D9595E9008F497D /* Main.storyboard in Resources */,
			);
			runOnlyForDeploymentPostprocessing = 0;
		};
/* End PBXResourcesBuildPhase section */

/* Begin PBXSourcesBuildPhase section */
		C374FE141D9595E9008F497D /* Sources */ = {
			isa = PBXSourcesBuildPhase;
			buildActionMask = 2147483647;
			files = (
				C30C85F31D9D912400B22FBD /* CalcBrain.swift in Sources */,
				C374FE1E1D9595E9008F497D /* CalculatorViewController.swift in Sources */,
				C374FE1C1D9595E9008F497D /* AppDelegate.swift in Sources */,
				C374FE311D968521008F497D /* Library.swift in Sources */,
			);
			runOnlyForDeploymentPostprocessing = 0;
		};
/* End PBXSourcesBuildPhase section */

/* Begin PBXVariantGroup section */
		C374FE1F1D9595E9008F497D /* Main.storyboard */ = {
			isa = PBXVariantGroup;
			children = (
				C374FE201D9595E9008F497D /* Base */,
			);
			name = Main.storyboard;
			sourceTree = "<group>";
		};
		C374FE241D9595E9008F497D /* LaunchScreen.storyboard */ = {
			isa = PBXVariantGroup;
			children = (
				C374FE251D9595E9008F497D /* Base */,
			);
			name = LaunchScreen.storyboard;
			sourceTree = "<group>";
		};
/* End PBXVariantGroup section */

/* Begin XCBuildConfiguration section */
		C374FE281D9595E9008F497D /* Debug */ = {
			isa = XCBuildConfiguration;
			buildSettings = {
				ALWAYS_SEARCH_USER_PATHS = NO;
				CLANG_ANALYZER_NONNULL = YES;
				CLANG_CXX_LANGUAGE_STANDARD = "gnu++0x";
				CLANG_CXX_LIBRARY = "libc++";
				CLANG_ENABLE_MODULES = YES;
				CLANG_ENABLE_OBJC_ARC = YES;
				CLANG_WARN_BOOL_CONVERSION = YES;
				CLANG_WARN_CONSTANT_CONVERSION = YES;
				CLANG_WARN_DIRECT_OBJC_ISA_USAGE = YES_ERROR;
				CLANG_WARN_DOCUMENTATION_COMMENTS = YES;
				CLANG_WARN_EMPTY_BODY = YES;
				CLANG_WARN_ENUM_CONVERSION = YES;
				CLANG_WARN_INFINITE_RECURSION = YES;
				CLANG_WARN_INT_CONVERSION = YES;
				CLANG_WARN_OBJC_ROOT_CLASS = YES_ERROR;
				CLANG_WARN_SUSPICIOUS_MOVES = YES;
				CLANG_WARN_UNREACHABLE_CODE = YES;
				CLANG_WARN__DUPLICATE_METHOD_MATCH = YES;
				"CODE_SIGN_IDENTITY[sdk=iphoneos*]" = "iPhone Developer";
				COPY_PHASE_STRIP = NO;
				DEBUG_INFORMATION_FORMAT = dwarf;
				ENABLE_STRICT_OBJC_MSGSEND = YES;
				ENABLE_TESTABILITY = YES;
				GCC_C_LANGUAGE_STANDARD = gnu99;
				GCC_DYNAMIC_NO_PIC = NO;
				GCC_NO_COMMON_BLOCKS = YES;
				GCC_OPTIMIZATION_LEVEL = 0;
				GCC_PREPROCESSOR_DEFINITIONS = (
					"DEBUG=1",
					"$(inherited)",
				);
				GCC_WARN_64_TO_32_BIT_CONVERSION = YES;
				GCC_WARN_ABOUT_RETURN_TYPE = YES_ERROR;
				GCC_WARN_UNDECLARED_SELECTOR = YES;
				GCC_WARN_UNINITIALIZED_AUTOS = YES_AGGRESSIVE;
				GCC_WARN_UNUSED_FUNCTION = YES;
				GCC_WARN_UNUSED_VARIABLE = YES;
				IPHONEOS_DEPLOYMENT_TARGET = 10.0;
				MTL_ENABLE_DEBUG_INFO = YES;
				ONLY_ACTIVE_ARCH = YES;
				SDKROOT = iphoneos;
				SWIFT_ACTIVE_COMPILATION_CONDITIONS = DEBUG;
				SWIFT_OPTIMIZATION_LEVEL = "-Onone";
				TARGETED_DEVICE_FAMILY = "1,2";
			};
			name = Debug;
		};
		C374FE291D9595E9008F497D /* Release */ = {
			isa = XCBuildConfiguration;
			buildSettings = {
				ALWAYS_SEARCH_USER_PATHS = NO;
				CLANG_ANALYZER_NONNULL = YES;
				CLANG_CXX_LANGUAGE_STANDARD = "gnu++0x";
				CLANG_CXX_LIBRARY = "libc++";
				CLANG_ENABLE_MODULES = YES;
				CLANG_ENABLE_OBJC_ARC = YES;
				CLANG_WARN_BOOL_CONVERSION = YES;
				CLANG_WARN_CONSTANT_CONVERSION = YES;
				CLANG_WARN_DIRECT_OBJC_ISA_USAGE = YES_ERROR;
				CLANG_WARN_DOCUMENTATION_COMMENTS = YES;
				CLANG_WARN_EMPTY_BODY = YES;
				CLANG_WARN_ENUM_CONVERSION = YES;
				CLANG_WARN_INFINITE_RECURSION = YES;
				CLANG_WARN_INT_CONVERSION = YES;
				CLANG_WARN_OBJC_ROOT_CLASS = YES_ERROR;
				CLANG_WARN_SUSPICIOUS_MOVES = YES;
				CLANG_WARN_UNREACHABLE_CODE = YES;
				CLANG_WARN__DUPLICATE_METHOD_MATCH = YES;
				"CODE_SIGN_IDENTITY[sdk=iphoneos*]" = "iPhone Developer";
				COPY_PHASE_STRIP = NO;
				DEBUG_INFORMATION_FORMAT = "dwarf-with-dsym";
				ENABLE_NS_ASSERTIONS = NO;
				ENABLE_STRICT_OBJC_MSGSEND = YES;
				GCC_C_LANGUAGE_STANDARD = gnu99;
				GCC_NO_COMMON_BLOCKS = YES;
				GCC_WARN_64_TO_32_BIT_CONVERSION = YES;
				GCC_WARN_ABOUT_RETURN_TYPE = YES_ERROR;
				GCC_WARN_UNDECLARED_SELECTOR = YES;
				GCC_WARN_UNINITIALIZED_AUTOS = YES_AGGRESSIVE;
				GCC_WARN_UNUSED_FUNCTION = YES;
				GCC_WARN_UNUSED_VARIABLE = YES;
				IPHONEOS_DEPLOYMENT_TARGET = 10.0;
				MTL_ENABLE_DEBUG_INFO = NO;
				SDKROOT = iphoneos;
				SWIFT_OPTIMIZATION_LEVEL = "-Owholemodule";
				TARGETED_DEVICE_FAMILY = "1,2";
				VALIDATE_PRODUCT = YES;
			};
			name = Release;
		};
		C374FE2B1D9595E9008F497D /* Debug */ = {
			isa = XCBuildConfiguration;
			buildSettings = {
				ASSETCATALOG_COMPILER_APPICON_NAME = AppIcon;
				DEVELOPMENT_TEAM = 474X26N2TW;
				INFOPLIST_FILE = CalcDemo/Info.plist;
				LD_RUNPATH_SEARCH_PATHS = "$(inherited) @executable_path/Frameworks";
				PRODUCT_BUNDLE_IDENTIFIER = com.MGalperinApps.CalcDemo;
				PRODUCT_NAME = "$(TARGET_NAME)";
				SWIFT_VERSION = 3.0;
			};
			name = Debug;
		};
		C374FE2C1D9595E9008F497D /* Release */ = {
			isa = XCBuildConfiguration;
			buildSettings = {
				ASSETCATALOG_COMPILER_APPICON_NAME = AppIcon;
				DEVELOPMENT_TEAM = 474X26N2TW;
				INFOPLIST_FILE = CalcDemo/Info.plist;
				LD_RUNPATH_SEARCH_PATHS = "$(inherited) @executable_path/Frameworks";
				PRODUCT_BUNDLE_IDENTIFIER = com.MGalperinApps.CalcDemo;
				PRODUCT_NAME = "$(TARGET_NAME)";
				SWIFT_VERSION = 3.0;
			};
			name = Release;
		};
/* End XCBuildConfiguration section */

/* Begin XCConfigurationList section */
		C374FE131D9595E9008F497D /* Build configuration list for PBXProject "CalcDemo" */ = {
			isa = XCConfigurationList;
			buildConfigurations = (
				C374FE281D9595E9008F497D /* Debug */,
				C374FE291D9595E9008F497D /* Release */,
			);
			defaultConfigurationIsVisible = 0;
			defaultConfigurationName = Release;
		};
		C374FE2A1D9595E9008F497D /* Build configuration list for PBXNativeTarget "CalcDemo" */ = {
			isa = XCConfigurationList;
			buildConfigurations = (
				C374FE2B1D9595E9008F497D /* Debug */,
				C374FE2C1D9595E9008F497D /* Release */,
			);
			defaultConfigurationIsVisible = 0;
			defaultConfigurationName = Release;
		};
/* End XCConfigurationList section */
	};
	rootObject = C374FE101D9595E9008F497D /* Project object */;
}
