// !$*UTF8*$!
{
	archiveVersion = 1;
	classes = {
	};
	objectVersion = 46;
	objects = {

/* Begin PBXBuildFile section */
		4C3F69E765934B9A8E77CA93 /* Pods_BanksApp.framework in Frameworks */ = {isa = PBXBuildFile; fileRef = C98D65A31804C979BA9D9115 /* Pods_BanksApp.framework */; };
		C30296811DB2867A0054CFCA /* AppDelegate.swift in Sources */ = {isa = PBXBuildFile; fileRef = C30296801DB2867A0054CFCA /* AppDelegate.swift */; };
		C30296861DB2867A0054CFCA /* Main.storyboard in Resources */ = {isa = PBXBuildFile; fileRef = C30296841DB2867A0054CFCA /* Main.storyboard */; };
		C30296881DB2867A0054CFCA /* Assets.xcassets in Resources */ = {isa = PBXBuildFile; fileRef = C30296871DB2867A0054CFCA /* Assets.xcassets */; };
		C302968B1DB2867A0054CFCA /* LaunchScreen.storyboard in Resources */ = {isa = PBXBuildFile; fileRef = C30296891DB2867A0054CFCA /* LaunchScreen.storyboard */; };
		C30296941DB286950054CFCA /* BanksController.swift in Sources */ = {isa = PBXBuildFile; fileRef = C30296931DB286950054CFCA /* BanksController.swift */; };
		C302969A1DB287610054CFCA /* Bank.swift in Sources */ = {isa = PBXBuildFile; fileRef = C30296991DB287610054CFCA /* Bank.swift */; };
		C30296A11DB28CC10054CFCA /* ProjectData.json in Resources */ = {isa = PBXBuildFile; fileRef = C302969E1DB28CA60054CFCA /* ProjectData.json */; };
		C30296A21DB28CC50054CFCA /* Podfile in Resources */ = {isa = PBXBuildFile; fileRef = C302969D1DB28CA60054CFCA /* Podfile */; };
		C30296A41DB28E730054CFCA /* BankPlacesController.swift in Sources */ = {isa = PBXBuildFile; fileRef = C30296A31DB28E730054CFCA /* BankPlacesController.swift */; };
		C30296A61DB299F00054CFCA /* Place.swift in Sources */ = {isa = PBXBuildFile; fileRef = C30296A51DB299F00054CFCA /* Place.swift */; };
/* End PBXBuildFile section */

/* Begin PBXFileReference section */
		4C1760D801CCD1E9B4826116 /* Pods.framework */ = {isa = PBXFileReference; explicitFileType = wrapper.framework; includeInIndex = 0; path = Pods.framework; sourceTree = BUILT_PRODUCTS_DIR; };
		7ACE028A8B2B457438C43C6B /* Pods-BanksApp.release.xcconfig */ = {isa = PBXFileReference; includeInIndex = 1; lastKnownFileType = text.xcconfig; name = "Pods-BanksApp.release.xcconfig"; path = "Pods/Target Support Files/Pods-BanksApp/Pods-BanksApp.release.xcconfig"; sourceTree = "<group>"; };
		BB3E8D1FCC3A3C0509C1F8D9 /* Pods-BanksApp.debug.xcconfig */ = {isa = PBXFileReference; includeInIndex = 1; lastKnownFileType = text.xcconfig; name = "Pods-BanksApp.debug.xcconfig"; path = "Pods/Target Support Files/Pods-BanksApp/Pods-BanksApp.debug.xcconfig"; sourceTree = "<group>"; };
		C302967D1DB2867A0054CFCA /* BanksApp.app */ = {isa = PBXFileReference; explicitFileType = wrapper.application; includeInIndex = 0; path = BanksApp.app; sourceTree = BUILT_PRODUCTS_DIR; };
		C30296801DB2867A0054CFCA /* AppDelegate.swift */ = {isa = PBXFileReference; lastKnownFileType = sourcecode.swift; path = AppDelegate.swift; sourceTree = "<group>"; };
		C30296851DB2867A0054CFCA /* Base */ = {isa = PBXFileReference; lastKnownFileType = file.storyboard; name = Base; path = Base.lproj/Main.storyboard; sourceTree = "<group>"; };
		C30296871DB2867A0054CFCA /* Assets.xcassets */ = {isa = PBXFileReference; lastKnownFileType = folder.assetcatalog; path = Assets.xcassets; sourceTree = "<group>"; };
		C302968A1DB2867A0054CFCA /* Base */ = {isa = PBXFileReference; lastKnownFileType = file.storyboard; name = Base; path = Base.lproj/LaunchScreen.storyboard; sourceTree = "<group>"; };
		C302968C1DB2867A0054CFCA /* Info.plist */ = {isa = PBXFileReference; lastKnownFileType = text.plist.xml; path = Info.plist; sourceTree = "<group>"; };
		C30296931DB286950054CFCA /* BanksController.swift */ = {isa = PBXFileReference; fileEncoding = 4; lastKnownFileType = sourcecode.swift; path = BanksController.swift; sourceTree = "<group>"; };
		C30296991DB287610054CFCA /* Bank.swift */ = {isa = PBXFileReference; fileEncoding = 4; lastKnownFileType = sourcecode.swift; path = Bank.swift; sourceTree = "<group>"; };
		C302969D1DB28CA60054CFCA /* Podfile */ = {isa = PBXFileReference; fileEncoding = 4; lastKnownFileType = text; path = Podfile; sourceTree = SOURCE_ROOT; };
		C302969E1DB28CA60054CFCA /* ProjectData.json */ = {isa = PBXFileReference; fileEncoding = 4; lastKnownFileType = text.json; path = ProjectData.json; sourceTree = SOURCE_ROOT; };
		C30296A31DB28E730054CFCA /* BankPlacesController.swift */ = {isa = PBXFileReference; fileEncoding = 4; lastKnownFileType = sourcecode.swift; path = BankPlacesController.swift; sourceTree = "<group>"; };
		C30296A51DB299F00054CFCA /* Place.swift */ = {isa = PBXFileReference; fileEncoding = 4; lastKnownFileType = sourcecode.swift; path = Place.swift; sourceTree = "<group>"; };
		C98D65A31804C979BA9D9115 /* Pods_BanksApp.framework */ = {isa = PBXFileReference; explicitFileType = wrapper.framework; includeInIndex = 0; path = Pods_BanksApp.framework; sourceTree = BUILT_PRODUCTS_DIR; };
/* End PBXFileReference section */

/* Begin PBXFrameworksBuildPhase section */
		C302967A1DB2867A0054CFCA /* Frameworks */ = {
			isa = PBXFrameworksBuildPhase;
			buildActionMask = 2147483647;
			files = (
				4C3F69E765934B9A8E77CA93 /* Pods_BanksApp.framework in Frameworks */,
			);
			runOnlyForDeploymentPostprocessing = 0;
		};
/* End PBXFrameworksBuildPhase section */

/* Begin PBXGroup section */
		6119B9BC0E70294FDC897E94 /* Frameworks */ = {
			isa = PBXGroup;
			children = (
				4C1760D801CCD1E9B4826116 /* Pods.framework */,
				C98D65A31804C979BA9D9115 /* Pods_BanksApp.framework */,
			);
			name = Frameworks;
			sourceTree = "<group>";
		};
		C2A0891CCEA992FBE7786E54 /* Pods */ = {
			isa = PBXGroup;
			children = (
				BB3E8D1FCC3A3C0509C1F8D9 /* Pods-BanksApp.debug.xcconfig */,
				7ACE028A8B2B457438C43C6B /* Pods-BanksApp.release.xcconfig */,
			);
			name = Pods;
			sourceTree = "<group>";
		};
		C30296741DB2867A0054CFCA = {
			isa = PBXGroup;
			children = (
				C302967F1DB2867A0054CFCA /* BanksApp */,
				C302967E1DB2867A0054CFCA /* Products */,
				6119B9BC0E70294FDC897E94 /* Frameworks */,
				C2A0891CCEA992FBE7786E54 /* Pods */,
			);
			sourceTree = "<group>";
		};
		C302967E1DB2867A0054CFCA /* Products */ = {
			isa = PBXGroup;
			children = (
				C302967D1DB2867A0054CFCA /* BanksApp.app */,
			);
			name = Products;
			sourceTree = "<group>";
		};
		C302967F1DB2867A0054CFCA /* BanksApp */ = {
			isa = PBXGroup;
			children = (
				C30296801DB2867A0054CFCA /* AppDelegate.swift */,
				C302969D1DB28CA60054CFCA /* Podfile */,
				C302969E1DB28CA60054CFCA /* ProjectData.json */,
				C30296981DB287580054CFCA /* Model */,
				C30296951DB286980054CFCA /* Controller */,
				C30296841DB2867A0054CFCA /* Main.storyboard */,
				C30296921DB286880054CFCA /* Supporting files */,
			);
			path = BanksApp;
			sourceTree = "<group>";
		};
		C30296921DB286880054CFCA /* Supporting files */ = {
			isa = PBXGroup;
			children = (
				C30296871DB2867A0054CFCA /* Assets.xcassets */,
				C30296891DB2867A0054CFCA /* LaunchScreen.storyboard */,
				C302968C1DB2867A0054CFCA /* Info.plist */,
			);
			name = "Supporting files";
			sourceTree = "<group>";
		};
		C30296951DB286980054CFCA /* Controller */ = {
			isa = PBXGroup;
			children = (
				C30296931DB286950054CFCA /* BanksController.swift */,
				C30296A31DB28E730054CFCA /* BankPlacesController.swift */,
			);
			name = Controller;
			sourceTree = "<group>";
		};
		C30296981DB287580054CFCA /* Model */ = {
			isa = PBXGroup;
			children = (
				C30296991DB287610054CFCA /* Bank.swift */,
				C30296A51DB299F00054CFCA /* Place.swift */,
			);
			name = Model;
			sourceTree = "<group>";
		};
/* End PBXGroup section */

/* Begin PBXNativeTarget section */
		C302967C1DB2867A0054CFCA /* BanksApp */ = {
			isa = PBXNativeTarget;
			buildConfigurationList = C302968F1DB2867A0054CFCA /* Build configuration list for PBXNativeTarget "BanksApp" */;
			buildPhases = (
				F87C80EDE11B2452EE387271 /* [CP] Check Pods Manifest.lock */,
				C30296791DB2867A0054CFCA /* Sources */,
				C302967A1DB2867A0054CFCA /* Frameworks */,
				C302967B1DB2867A0054CFCA /* Resources */,
				AA45E392A3E3D0F72D3D72AB /* [CP] Embed Pods Frameworks */,
				2AC4B3171CA56E07C8AA44BC /* [CP] Copy Pods Resources */,
			);
			buildRules = (
			);
			dependencies = (
			);
			name = BanksApp;
			productName = BanksApp;
			productReference = C302967D1DB2867A0054CFCA /* BanksApp.app */;
			productType = "com.apple.product-type.application";
		};
/* End PBXNativeTarget section */

/* Begin PBXProject section */
		C30296751DB2867A0054CFCA /* Project object */ = {
			isa = PBXProject;
			attributes = {
				LastSwiftUpdateCheck = 0800;
				LastUpgradeCheck = 0800;
				ORGANIZATIONNAME = "Michael Galperin";
				TargetAttributes = {
					C302967C1DB2867A0054CFCA = {
						CreatedOnToolsVersion = 8.0;
						DevelopmentTeam = 474X26N2TW;
						ProvisioningStyle = Automatic;
					};
				};
			};
			buildConfigurationList = C30296781DB2867A0054CFCA /* Build configuration list for PBXProject "BanksApp" */;
			compatibilityVersion = "Xcode 3.2";
			developmentRegion = English;
			hasScannedForEncodings = 0;
			knownRegions = (
				en,
				Base,
			);
			mainGroup = C30296741DB2867A0054CFCA;
			productRefGroup = C302967E1DB2867A0054CFCA /* Products */;
			projectDirPath = "";
			projectRoot = "";
			targets = (
				C302967C1DB2867A0054CFCA /* BanksApp */,
			);
		};
/* End PBXProject section */

/* Begin PBXResourcesBuildPhase section */
		C302967B1DB2867A0054CFCA /* Resources */ = {
			isa = PBXResourcesBuildPhase;
			buildActionMask = 2147483647;
			files = (
				C30296A21DB28CC50054CFCA /* Podfile in Resources */,
				C30296A11DB28CC10054CFCA /* ProjectData.json in Resources */,
				C302968B1DB2867A0054CFCA /* LaunchScreen.storyboard in Resources */,
				C30296881DB2867A0054CFCA /* Assets.xcassets in Resources */,
				C30296861DB2867A0054CFCA /* Main.storyboard in Resources */,
			);
			runOnlyForDeploymentPostprocessing = 0;
		};
/* End PBXResourcesBuildPhase section */

/* Begin PBXShellScriptBuildPhase section */
		2AC4B3171CA56E07C8AA44BC /* [CP] Copy Pods Resources */ = {
			isa = PBXShellScriptBuildPhase;
			buildActionMask = 2147483647;
			files = (
			);
			inputPaths = (
			);
			name = "[CP] Copy Pods Resources";
			outputPaths = (
			);
			runOnlyForDeploymentPostprocessing = 0;
			shellPath = /bin/sh;
			shellScript = "\"${SRCROOT}/Pods/Target Support Files/Pods-BanksApp/Pods-BanksApp-resources.sh\"\n";
			showEnvVarsInLog = 0;
		};
		AA45E392A3E3D0F72D3D72AB /* [CP] Embed Pods Frameworks */ = {
			isa = PBXShellScriptBuildPhase;
			buildActionMask = 2147483647;
			files = (
			);
			inputPaths = (
			);
			name = "[CP] Embed Pods Frameworks";
			outputPaths = (
			);
			runOnlyForDeploymentPostprocessing = 0;
			shellPath = /bin/sh;
			shellScript = "\"${SRCROOT}/Pods/Target Support Files/Pods-BanksApp/Pods-BanksApp-frameworks.sh\"\n";
			showEnvVarsInLog = 0;
		};
		F87C80EDE11B2452EE387271 /* [CP] Check Pods Manifest.lock */ = {
			isa = PBXShellScriptBuildPhase;
			buildActionMask = 2147483647;
			files = (
			);
			inputPaths = (
			);
			name = "[CP] Check Pods Manifest.lock";
			outputPaths = (
			);
			runOnlyForDeploymentPostprocessing = 0;
			shellPath = /bin/sh;
			shellScript = "diff \"${PODS_ROOT}/../Podfile.lock\" \"${PODS_ROOT}/Manifest.lock\" > /dev/null\nif [ $? != 0 ] ; then\n    # print error to STDERR\n    echo \"error: The sandbox is not in sync with the Podfile.lock. Run 'pod install' or update your CocoaPods installation.\" >&2\n    exit 1\nfi\n";
			showEnvVarsInLog = 0;
		};
/* End PBXShellScriptBuildPhase section */

/* Begin PBXSourcesBuildPhase section */
		C30296791DB2867A0054CFCA /* Sources */ = {
			isa = PBXSourcesBuildPhase;
			buildActionMask = 2147483647;
			files = (
				C302969A1DB287610054CFCA /* Bank.swift in Sources */,
				C30296A41DB28E730054CFCA /* BankPlacesController.swift in Sources */,
				C30296811DB2867A0054CFCA /* AppDelegate.swift in Sources */,
				C30296941DB286950054CFCA /* BanksController.swift in Sources */,
				C30296A61DB299F00054CFCA /* Place.swift in Sources */,
			);
			runOnlyForDeploymentPostprocessing = 0;
		};
/* End PBXSourcesBuildPhase section */

/* Begin PBXVariantGroup section */
		C30296841DB2867A0054CFCA /* Main.storyboard */ = {
			isa = PBXVariantGroup;
			children = (
				C30296851DB2867A0054CFCA /* Base */,
			);
			name = Main.storyboard;
			sourceTree = "<group>";
		};
		C30296891DB2867A0054CFCA /* LaunchScreen.storyboard */ = {
			isa = PBXVariantGroup;
			children = (
				C302968A1DB2867A0054CFCA /* Base */,
			);
			name = LaunchScreen.storyboard;
			sourceTree = "<group>";
		};
/* End PBXVariantGroup section */

/* Begin XCBuildConfiguration section */
		C302968D1DB2867A0054CFCA /* Debug */ = {
			isa = XCBuildConfiguration;
			buildSettings = {
				ALWAYS_SEARCH_USER_PATHS = NO;
				CLANG_ANALYZER_NONNULL = YES;
				CLANG_CXX_LANGUAGE_STANDARD = "gnu++0x";
				CLANG_CXX_LIBRARY = "libc++";
				CLANG_ENABLE_MODULES = YES;
				CLANG_ENABLE_OBJC_ARC = YES;
				CLANG_WARN_BOOL_CONVERSION = YES;
				CLANG_WARN_CONSTANT_CONVERSION = YES;
				CLANG_WARN_DIRECT_OBJC_ISA_USAGE = YES_ERROR;
				CLANG_WARN_DOCUMENTATION_COMMENTS = YES;
				CLANG_WARN_EMPTY_BODY = YES;
				CLANG_WARN_ENUM_CONVERSION = YES;
				CLANG_WARN_INFINITE_RECURSION = YES;
				CLANG_WARN_INT_CONVERSION = YES;
				CLANG_WARN_OBJC_ROOT_CLASS = YES_ERROR;
				CLANG_WARN_SUSPICIOUS_MOVE = YES;
				CLANG_WARN_SUSPICIOUS_MOVES = YES;
				CLANG_WARN_UNREACHABLE_CODE = YES;
				CLANG_WARN__DUPLICATE_METHOD_MATCH = YES;
				"CODE_SIGN_IDENTITY[sdk=iphoneos*]" = "iPhone Developer";
				COPY_PHASE_STRIP = NO;
				DEBUG_INFORMATION_FORMAT = dwarf;
				ENABLE_STRICT_OBJC_MSGSEND = YES;
				ENABLE_TESTABILITY = YES;
				GCC_C_LANGUAGE_STANDARD = gnu99;
				GCC_DYNAMIC_NO_PIC = NO;
				GCC_NO_COMMON_BLOCKS = YES;
				GCC_OPTIMIZATION_LEVEL = 0;
				GCC_PREPROCESSOR_DEFINITIONS = (
					"DEBUG=1",
					"$(inherited)",
				);
				GCC_WARN_64_TO_32_BIT_CONVERSION = YES;
				GCC_WARN_ABOUT_RETURN_TYPE = YES_ERROR;
				GCC_WARN_UNDECLARED_SELECTOR = YES;
				GCC_WARN_UNINITIALIZED_AUTOS = YES_AGGRESSIVE;
				GCC_WARN_UNUSED_FUNCTION = YES;
				GCC_WARN_UNUSED_VARIABLE = YES;
				IPHONEOS_DEPLOYMENT_TARGET = 10.0;
				MTL_ENABLE_DEBUG_INFO = YES;
				ONLY_ACTIVE_ARCH = YES;
				SDKROOT = iphoneos;
				SWIFT_ACTIVE_COMPILATION_CONDITIONS = DEBUG;
				SWIFT_OPTIMIZATION_LEVEL = "-Onone";
				TARGETED_DEVICE_FAMILY = "1,2";
			};
			name = Debug;
		};
		C302968E1DB2867A0054CFCA /* Release */ = {
			isa = XCBuildConfiguration;
			buildSettings = {
				ALWAYS_SEARCH_USER_PATHS = NO;
				CLANG_ANALYZER_NONNULL = YES;
				CLANG_CXX_LANGUAGE_STANDARD = "gnu++0x";
				CLANG_CXX_LIBRARY = "libc++";
				CLANG_ENABLE_MODULES = YES;
				CLANG_ENABLE_OBJC_ARC = YES;
				CLANG_WARN_BOOL_CONVERSION = YES;
				CLANG_WARN_CONSTANT_CONVERSION = YES;
				CLANG_WARN_DIRECT_OBJC_ISA_USAGE = YES_ERROR;
				CLANG_WARN_DOCUMENTATION_COMMENTS = YES;
				CLANG_WARN_EMPTY_BODY = YES;
				CLANG_WARN_ENUM_CONVERSION = YES;
				CLANG_WARN_INFINITE_RECURSION = YES;
				CLANG_WARN_INT_CONVERSION = YES;
				CLANG_WARN_OBJC_ROOT_CLASS = YES_ERROR;
				CLANG_WARN_SUSPICIOUS_MOVE = YES;
				CLANG_WARN_SUSPICIOUS_MOVES = YES;
				CLANG_WARN_UNREACHABLE_CODE = YES;
				CLANG_WARN__DUPLICATE_METHOD_MATCH = YES;
				"CODE_SIGN_IDENTITY[sdk=iphoneos*]" = "iPhone Developer";
				COPY_PHASE_STRIP = NO;
				DEBUG_INFORMATION_FORMAT = "dwarf-with-dsym";
				ENABLE_NS_ASSERTIONS = NO;
				ENABLE_STRICT_OBJC_MSGSEND = YES;
				GCC_C_LANGUAGE_STANDARD = gnu99;
				GCC_NO_COMMON_BLOCKS = YES;
				GCC_WARN_64_TO_32_BIT_CONVERSION = YES;
				GCC_WARN_ABOUT_RETURN_TYPE = YES_ERROR;
				GCC_WARN_UNDECLARED_SELECTOR = YES;
				GCC_WARN_UNINITIALIZED_AUTOS = YES_AGGRESSIVE;
				GCC_WARN_UNUSED_FUNCTION = YES;
				GCC_WARN_UNUSED_VARIABLE = YES;
				IPHONEOS_DEPLOYMENT_TARGET = 10.0;
				MTL_ENABLE_DEBUG_INFO = NO;
				SDKROOT = iphoneos;
				SWIFT_OPTIMIZATION_LEVEL = "-Owholemodule";
				TARGETED_DEVICE_FAMILY = "1,2";
				VALIDATE_PRODUCT = YES;
			};
			name = Release;
		};
		C30296901DB2867A0054CFCA /* Debug */ = {
			isa = XCBuildConfiguration;
			baseConfigurationReference = BB3E8D1FCC3A3C0509C1F8D9 /* Pods-BanksApp.debug.xcconfig */;
			buildSettings = {
				ALWAYS_EMBED_SWIFT_STANDARD_LIBRARIES = YES;
				ASSETCATALOG_COMPILER_APPICON_NAME = AppIcon;
				DEVELOPMENT_TEAM = 474X26N2TW;
				INFOPLIST_FILE = BanksApp/Info.plist;
				LD_RUNPATH_SEARCH_PATHS = "$(inherited) @executable_path/Frameworks";
				PRODUCT_BUNDLE_IDENTIFIER = com.MGalperinApps.BanksApp;
				PRODUCT_NAME = "$(TARGET_NAME)";
				SWIFT_VERSION = 3.0;
				TARGETED_DEVICE_FAMILY = 1;
			};
			name = Debug;
		};
		C30296911DB2867A0054CFCA /* Release */ = {
			isa = XCBuildConfiguration;
			baseConfigurationReference = 7ACE028A8B2B457438C43C6B /* Pods-BanksApp.release.xcconfig */;
			buildSettings = {
				ALWAYS_EMBED_SWIFT_STANDARD_LIBRARIES = YES;
				ASSETCATALOG_COMPILER_APPICON_NAME = AppIcon;
				DEVELOPMENT_TEAM = 474X26N2TW;
				INFOPLIST_FILE = BanksApp/Info.plist;
				LD_RUNPATH_SEARCH_PATHS = "$(inherited) @executable_path/Frameworks";
				PRODUCT_BUNDLE_IDENTIFIER = com.MGalperinApps.BanksApp;
				PRODUCT_NAME = "$(TARGET_NAME)";
				SWIFT_VERSION = 3.0;
				TARGETED_DEVICE_FAMILY = 1;
			};
			name = Release;
		};
/* End XCBuildConfiguration section */

/* Begin XCConfigurationList section */
		C30296781DB2867A0054CFCA /* Build configuration list for PBXProject "BanksApp" */ = {
			isa = XCConfigurationList;
			buildConfigurations = (
				C302968D1DB2867A0054CFCA /* Debug */,
				C302968E1DB2867A0054CFCA /* Release */,
			);
			defaultConfigurationIsVisible = 0;
			defaultConfigurationName = Release;
		};
		C302968F1DB2867A0054CFCA /* Build configuration list for PBXNativeTarget "BanksApp" */ = {
			isa = XCConfigurationList;
			buildConfigurations = (
				C30296901DB2867A0054CFCA /* Debug */,
				C30296911DB2867A0054CFCA /* Release */,
			);
			defaultConfigurationIsVisible = 0;
			defaultConfigurationName = Release;
		};
/* End XCConfigurationList section */
	};
	rootObject = C30296751DB2867A0054CFCA /* Project object */;
}
